
Microsoft Visual Studio Solution File, Format Version 10.00
# Visual C++ Express 2008
Project("{8BC9CEB8-8B4A-11D0-8D11-00A0C91BC942}") = "DemoD4", "DemoD4\DemoD4.vcproj", "{CC159E62-4E8F-479F-A52D-958CEC6E46EE}"
EndProject
Global
	GlobalSection(SolutionConfigurationPlatforms) = preSolution
		Debug|Win32 = Debug|Win32
		Release|Win32 = Release|Win32
	EndGlobalSection
	GlobalSection(ProjectConfigurationPlatforms) = postSolution
		{CC159E62-4E8F-479F-A52D-958CEC6E46EE}.Debug|Win32.ActiveCfg = Debug|Win32
		{CC159E62-4E8F-479F-A52D-958CEC6E46EE}.Debug|Win32.Build.0 = Debug|Win32
		{CC159E62-4E8F-479F-A52D-958CEC6E46EE}.Release|Win32.ActiveCfg = Release|Win32
		{CC159E62-4E8F-479F-A52D-958CEC6E46EE}.Release|Win32.Build.0 = Release|Win32
	EndGlobalSection
	GlobalSection(SolutionProperties) = preSolution
		HideSolutionNode = FALSE
	EndGlobalSection
EndGlobal
